
Microsoft Visual Studio Solution File, Format Version 12.00
# Visual Studio Version 17
VisualStudioVersion = 17.5.33502.453
MinimumVisualStudioVersion = 10.0.40219.1
Project("{FAE04EC0-301F-11D3-BF4B-00C04F79EFBC}") = "StGenetics.Farms.ShoppingCar", "StGenetics.Farms.ShoppingCar\StGenetics.Farms.ShoppingCar.csproj", "{C6E281CC-D7A4-4C44-82AC-9840ABC7D62C}"
EndProject
Global
	GlobalSection(SolutionConfigurationPlatforms) = preSolution
		Debug|Any CPU = Debug|Any CPU
		Release|Any CPU = Release|Any CPU
	EndGlobalSection
	GlobalSection(ProjectConfigurationPlatforms) = postSolution
		{C6E281CC-D7A4-4C44-82AC-9840ABC7D62C}.Debug|Any CPU.ActiveCfg = Debug|Any CPU
		{C6E281CC-D7A4-4C44-82AC-9840ABC7D62C}.Debug|Any CPU.Build.0 = Debug|Any CPU
		{C6E281CC-D7A4-4C44-82AC-9840ABC7D62C}.Release|Any CPU.ActiveCfg = Release|Any CPU
		{C6E281CC-D7A4-4C44-82AC-9840ABC7D62C}.Release|Any CPU.Build.0 = Release|Any CPU
	EndGlobalSection
	GlobalSection(SolutionProperties) = preSolution
		HideSolutionNode = FALSE
	EndGlobalSection
	GlobalSection(ExtensibilityGlobals) = postSolution
		SolutionGuid = {30F78ABA-CD28-4F47-8024-2A937BADEEF5}
	EndGlobalSection
EndGlobal
